// !$*UTF8*$!
{
	archiveVersion = 1;
	classes = {
	};
	objectVersion = 77;
	objects = {

/* Begin PBXBuildFile section */
		635FEF6C2D24B71C007FFBBA /* ContentView.swift in Sources */ = {isa = PBXBuildFile; fileRef = 635FEF692D24B71C007FFBBA /* ContentView.swift */; };
		635FEF6D2D24B71C007FFBBA /* ToDoNotesApp.swift in Sources */ = {isa = PBXBuildFile; fileRef = 635FEF6A2D24B71C007FFBBA /* ToDoNotesApp.swift */; };
		635FEF6E2D24B71C007FFBBA /* Preview Assets.xcassets in Resources */ = {isa = PBXBuildFile; fileRef = 635FEF662D24B71C007FFBBA /* Preview Assets.xcassets */; };
		635FEF6F2D24B71C007FFBBA /* Assets.xcassets in Resources */ = {isa = PBXBuildFile; fileRef = 635FEF682D24B71C007FFBBA /* Assets.xcassets */; };
		635FEF7D2D24BB70007FFBBA /* SplashScreenView.swift in Sources */ = {isa = PBXBuildFile; fileRef = 635FEF7C2D24BB65007FFBBA /* SplashScreenView.swift */; };
		635FEF802D24BCEF007FFBBA /* ColorExtension.swift in Sources */ = {isa = PBXBuildFile; fileRef = 635FEF7F2D24BCEB007FFBBA /* ColorExtension.swift */; };
		635FEF822D24BEA6007FFBBA /* ImageExtension.swift in Sources */ = {isa = PBXBuildFile; fileRef = 635FEF812D24BEA2007FFBBA /* ImageExtension.swift */; };
		635FEF842D24C17B007FFBBA /* Labels.swift in Sources */ = {isa = PBXBuildFile; fileRef = 635FEF832D24C172007FFBBA /* Labels.swift */; };
/* End PBXBuildFile section */

/* Begin PBXFileReference section */
		635FEF552D24B715007FFBBA /* ToDoNotes.app */ = {isa = PBXFileReference; explicitFileType = wrapper.application; includeInIndex = 0; path = ToDoNotes.app; sourceTree = BUILT_PRODUCTS_DIR; };
		635FEF662D24B71C007FFBBA /* Preview Assets.xcassets */ = {isa = PBXFileReference; lastKnownFileType = folder.assetcatalog; path = "Preview Assets.xcassets"; sourceTree = "<group>"; };
		635FEF682D24B71C007FFBBA /* Assets.xcassets */ = {isa = PBXFileReference; lastKnownFileType = folder.assetcatalog; path = Assets.xcassets; sourceTree = "<group>"; };
		635FEF692D24B71C007FFBBA /* ContentView.swift */ = {isa = PBXFileReference; lastKnownFileType = sourcecode.swift; path = ContentView.swift; sourceTree = "<group>"; };
		635FEF6A2D24B71C007FFBBA /* ToDoNotesApp.swift */ = {isa = PBXFileReference; lastKnownFileType = sourcecode.swift; path = ToDoNotesApp.swift; sourceTree = "<group>"; };
		635FEF7C2D24BB65007FFBBA /* SplashScreenView.swift */ = {isa = PBXFileReference; lastKnownFileType = sourcecode.swift; path = SplashScreenView.swift; sourceTree = "<group>"; };
		635FEF7F2D24BCEB007FFBBA /* ColorExtension.swift */ = {isa = PBXFileReference; lastKnownFileType = sourcecode.swift; path = ColorExtension.swift; sourceTree = "<group>"; };
		635FEF812D24BEA2007FFBBA /* ImageExtension.swift */ = {isa = PBXFileReference; lastKnownFileType = sourcecode.swift; path = ImageExtension.swift; sourceTree = "<group>"; };
		635FEF832D24C172007FFBBA /* Labels.swift */ = {isa = PBXFileReference; lastKnownFileType = sourcecode.swift; path = Labels.swift; sourceTree = "<group>"; };
/* End PBXFileReference section */

/* Begin PBXFrameworksBuildPhase section */
		635FEF522D24B715007FFBBA /* Frameworks */ = {
			isa = PBXFrameworksBuildPhase;
			buildActionMask = 2147483647;
			files = (
			);
			runOnlyForDeploymentPostprocessing = 0;
		};
/* End PBXFrameworksBuildPhase section */

/* Begin PBXGroup section */
		635FEF4C2D24B715007FFBBA = {
			isa = PBXGroup;
			children = (
				635FEF6B2D24B71C007FFBBA /* ToDoNotes */,
				635FEF562D24B715007FFBBA /* Products */,
			);
			sourceTree = "<group>";
		};
		635FEF562D24B715007FFBBA /* Products */ = {
			isa = PBXGroup;
			children = (
				635FEF552D24B715007FFBBA /* ToDoNotes.app */,
			);
			name = Products;
			sourceTree = "<group>";
		};
		635FEF672D24B71C007FFBBA /* Preview Content */ = {
			isa = PBXGroup;
			children = (
				635FEF662D24B71C007FFBBA /* Preview Assets.xcassets */,
			);
			path = "Preview Content";
			sourceTree = "<group>";
		};
		635FEF6B2D24B71C007FFBBA /* ToDoNotes */ = {
			isa = PBXGroup;
			children = (
				635FEF712D24B72E007FFBBA /* Application */,
				635FEF732D24BAA1007FFBBA /* OpeningModule */,
				635FEF742D24BAC2007FFBBA /* MainModule */,
				635FEF7E2D24BCDE007FFBBA /* Extensions */,
				635FEF752D24BAD1007FFBBA /* SupportFiles */,
				635FEF672D24B71C007FFBBA /* Preview Content */,
			);
			path = ToDoNotes;
			sourceTree = "<group>";
		};
		635FEF712D24B72E007FFBBA /* Application */ = {
			isa = PBXGroup;
			children = (
				635FEF6A2D24B71C007FFBBA /* ToDoNotesApp.swift */,
			);
			path = Application;
			sourceTree = "<group>";
		};
		635FEF732D24BAA1007FFBBA /* OpeningModule */ = {
			isa = PBXGroup;
			children = (
				635FEF7A2D24BB3E007FFBBA /* SplashSection */,
				635FEF7B2D24BB51007FFBBA /* OnboardingSection */,
			);
			path = OpeningModule;
			sourceTree = "<group>";
		};
		635FEF742D24BAC2007FFBBA /* MainModule */ = {
			isa = PBXGroup;
			children = (
				635FEF692D24B71C007FFBBA /* ContentView.swift */,
			);
			path = MainModule;
			sourceTree = "<group>";
		};
		635FEF752D24BAD1007FFBBA /* SupportFiles */ = {
			isa = PBXGroup;
			children = (
				635FEF682D24B71C007FFBBA /* Assets.xcassets */,
			);
			path = SupportFiles;
			sourceTree = "<group>";
		};
		635FEF772D24BB14007FFBBA /* Model */ = {
			isa = PBXGroup;
			children = (
			);
			path = Model;
			sourceTree = "<group>";
		};
		635FEF782D24BB18007FFBBA /* View */ = {
			isa = PBXGroup;
			children = (
			);
			path = View;
			sourceTree = "<group>";
		};
		635FEF792D24BB1C007FFBBA /* ViewModel */ = {
			isa = PBXGroup;
			children = (
			);
			path = ViewModel;
			sourceTree = "<group>";
		};
		635FEF7A2D24BB3E007FFBBA /* SplashSection */ = {
			isa = PBXGroup;
			children = (
				635FEF7C2D24BB65007FFBBA /* SplashScreenView.swift */,
			);
			path = SplashSection;
			sourceTree = "<group>";
		};
		635FEF7B2D24BB51007FFBBA /* OnboardingSection */ = {
			isa = PBXGroup;
			children = (
				635FEF772D24BB14007FFBBA /* Model */,
				635FEF782D24BB18007FFBBA /* View */,
				635FEF792D24BB1C007FFBBA /* ViewModel */,
			);
			path = OnboardingSection;
			sourceTree = "<group>";
		};
		635FEF7E2D24BCDE007FFBBA /* Extensions */ = {
			isa = PBXGroup;
			children = (
				635FEF7F2D24BCEB007FFBBA /* ColorExtension.swift */,
				635FEF812D24BEA2007FFBBA /* ImageExtension.swift */,
				635FEF832D24C172007FFBBA /* Labels.swift */,
			);
			path = Extensions;
			sourceTree = "<group>";
		};
/* End PBXGroup section */

/* Begin PBXNativeTarget section */
		635FEF542D24B715007FFBBA /* ToDoNotes */ = {
			isa = PBXNativeTarget;
			buildConfigurationList = 635FEF632D24B717007FFBBA /* Build configuration list for PBXNativeTarget "ToDoNotes" */;
			buildPhases = (
				635FEF512D24B715007FFBBA /* Sources */,
				635FEF522D24B715007FFBBA /* Frameworks */,
				635FEF532D24B715007FFBBA /* Resources */,
			);
			buildRules = (
			);
			dependencies = (
			);
			name = ToDoNotes;
			packageProductDependencies = (
			);
			productName = ToDoNotes;
			productReference = 635FEF552D24B715007FFBBA /* ToDoNotes.app */;
			productType = "com.apple.product-type.application";
		};
/* End PBXNativeTarget section */

/* Begin PBXProject section */
		635FEF4D2D24B715007FFBBA /* Project object */ = {
			isa = PBXProject;
			attributes = {
				BuildIndependentTargetsInParallel = 1;
				LastSwiftUpdateCheck = 1620;
				LastUpgradeCheck = 1620;
				TargetAttributes = {
					635FEF542D24B715007FFBBA = {
						CreatedOnToolsVersion = 16.2;
					};
				};
			};
			buildConfigurationList = 635FEF502D24B715007FFBBA /* Build configuration list for PBXProject "ToDoNotes" */;
			developmentRegion = en;
			hasScannedForEncodings = 0;
			knownRegions = (
				en,
				Base,
			);
			mainGroup = 635FEF4C2D24B715007FFBBA;
			minimizedProjectReferenceProxies = 1;
			preferredProjectObjectVersion = 77;
			productRefGroup = 635FEF562D24B715007FFBBA /* Products */;
			projectDirPath = "";
			projectRoot = "";
			targets = (
				635FEF542D24B715007FFBBA /* ToDoNotes */,
			);
		};
/* End PBXProject section */

/* Begin PBXResourcesBuildPhase section */
		635FEF532D24B715007FFBBA /* Resources */ = {
			isa = PBXResourcesBuildPhase;
			buildActionMask = 2147483647;
			files = (
				635FEF6E2D24B71C007FFBBA /* Preview Assets.xcassets in Resources */,
				635FEF6F2D24B71C007FFBBA /* Assets.xcassets in Resources */,
			);
			runOnlyForDeploymentPostprocessing = 0;
		};
/* End PBXResourcesBuildPhase section */

/* Begin PBXSourcesBuildPhase section */
		635FEF512D24B715007FFBBA /* Sources */ = {
			isa = PBXSourcesBuildPhase;
			buildActionMask = 2147483647;
			files = (
				635FEF6C2D24B71C007FFBBA /* ContentView.swift in Sources */,
				635FEF6D2D24B71C007FFBBA /* ToDoNotesApp.swift in Sources */,
				635FEF842D24C17B007FFBBA /* Labels.swift in Sources */,
				635FEF7D2D24BB70007FFBBA /* SplashScreenView.swift in Sources */,
				635FEF822D24BEA6007FFBBA /* ImageExtension.swift in Sources */,
				635FEF802D24BCEF007FFBBA /* ColorExtension.swift in Sources */,
			);
			runOnlyForDeploymentPostprocessing = 0;
		};
/* End PBXSourcesBuildPhase section */

/* Begin XCBuildConfiguration section */
		635FEF612D24B717007FFBBA /* Debug */ = {
			isa = XCBuildConfiguration;
			buildSettings = {
				ALWAYS_SEARCH_USER_PATHS = NO;
				ASSETCATALOG_COMPILER_GENERATE_SWIFT_ASSET_SYMBOL_EXTENSIONS = YES;
				CLANG_ANALYZER_NONNULL = YES;
				CLANG_ANALYZER_NUMBER_OBJECT_CONVERSION = YES_AGGRESSIVE;
				CLANG_CXX_LANGUAGE_STANDARD = "gnu++20";
				CLANG_ENABLE_MODULES = YES;
				CLANG_ENABLE_OBJC_ARC = YES;
				CLANG_ENABLE_OBJC_WEAK = YES;
				CLANG_WARN_BLOCK_CAPTURE_AUTORELEASING = YES;
				CLANG_WARN_BOOL_CONVERSION = YES;
				CLANG_WARN_COMMA = YES;
				CLANG_WARN_CONSTANT_CONVERSION = YES;
				CLANG_WARN_DEPRECATED_OBJC_IMPLEMENTATIONS = YES;
				CLANG_WARN_DIRECT_OBJC_ISA_USAGE = YES_ERROR;
				CLANG_WARN_DOCUMENTATION_COMMENTS = YES;
				CLANG_WARN_EMPTY_BODY = YES;
				CLANG_WARN_ENUM_CONVERSION = YES;
				CLANG_WARN_INFINITE_RECURSION = YES;
				CLANG_WARN_INT_CONVERSION = YES;
				CLANG_WARN_NON_LITERAL_NULL_CONVERSION = YES;
				CLANG_WARN_OBJC_IMPLICIT_RETAIN_SELF = YES;
				CLANG_WARN_OBJC_LITERAL_CONVERSION = YES;
				CLANG_WARN_OBJC_ROOT_CLASS = YES_ERROR;
				CLANG_WARN_QUOTED_INCLUDE_IN_FRAMEWORK_HEADER = YES;
				CLANG_WARN_RANGE_LOOP_ANALYSIS = YES;
				CLANG_WARN_STRICT_PROTOTYPES = YES;
				CLANG_WARN_SUSPICIOUS_MOVE = YES;
				CLANG_WARN_UNGUARDED_AVAILABILITY = YES_AGGRESSIVE;
				CLANG_WARN_UNREACHABLE_CODE = YES;
				CLANG_WARN__DUPLICATE_METHOD_MATCH = YES;
				COPY_PHASE_STRIP = NO;
				DEBUG_INFORMATION_FORMAT = dwarf;
				ENABLE_STRICT_OBJC_MSGSEND = YES;
				ENABLE_TESTABILITY = YES;
				ENABLE_USER_SCRIPT_SANDBOXING = YES;
				GCC_C_LANGUAGE_STANDARD = gnu17;
				GCC_DYNAMIC_NO_PIC = NO;
				GCC_NO_COMMON_BLOCKS = YES;
				GCC_OPTIMIZATION_LEVEL = 0;
				GCC_PREPROCESSOR_DEFINITIONS = (
					"DEBUG=1",
					"$(inherited)",
				);
				GCC_WARN_64_TO_32_BIT_CONVERSION = YES;
				GCC_WARN_ABOUT_RETURN_TYPE = YES_ERROR;
				GCC_WARN_UNDECLARED_SELECTOR = YES;
				GCC_WARN_UNINITIALIZED_AUTOS = YES_AGGRESSIVE;
				GCC_WARN_UNUSED_FUNCTION = YES;
				GCC_WARN_UNUSED_VARIABLE = YES;
				IPHONEOS_DEPLOYMENT_TARGET = 18.2;
				LOCALIZATION_PREFERS_STRING_CATALOGS = YES;
				MTL_ENABLE_DEBUG_INFO = INCLUDE_SOURCE;
				MTL_FAST_MATH = YES;
				ONLY_ACTIVE_ARCH = YES;
				SDKROOT = iphoneos;
				SWIFT_ACTIVE_COMPILATION_CONDITIONS = "DEBUG $(inherited)";
				SWIFT_OPTIMIZATION_LEVEL = "-Onone";
			};
			name = Debug;
		};
		635FEF622D24B717007FFBBA /* Release */ = {
			isa = XCBuildConfiguration;
			buildSettings = {
				ALWAYS_SEARCH_USER_PATHS = NO;
				ASSETCATALOG_COMPILER_GENERATE_SWIFT_ASSET_SYMBOL_EXTENSIONS = YES;
				CLANG_ANALYZER_NONNULL = YES;
				CLANG_ANALYZER_NUMBER_OBJECT_CONVERSION = YES_AGGRESSIVE;
				CLANG_CXX_LANGUAGE_STANDARD = "gnu++20";
				CLANG_ENABLE_MODULES = YES;
				CLANG_ENABLE_OBJC_ARC = YES;
				CLANG_ENABLE_OBJC_WEAK = YES;
				CLANG_WARN_BLOCK_CAPTURE_AUTORELEASING = YES;
				CLANG_WARN_BOOL_CONVERSION = YES;
				CLANG_WARN_COMMA = YES;
				CLANG_WARN_CONSTANT_CONVERSION = YES;
				CLANG_WARN_DEPRECATED_OBJC_IMPLEMENTATIONS = YES;
				CLANG_WARN_DIRECT_OBJC_ISA_USAGE = YES_ERROR;
				CLANG_WARN_DOCUMENTATION_COMMENTS = YES;
				CLANG_WARN_EMPTY_BODY = YES;
				CLANG_WARN_ENUM_CONVERSION = YES;
				CLANG_WARN_INFINITE_RECURSION = YES;
				CLANG_WARN_INT_CONVERSION = YES;
				CLANG_WARN_NON_LITERAL_NULL_CONVERSION = YES;
				CLANG_WARN_OBJC_IMPLICIT_RETAIN_SELF = YES;
				CLANG_WARN_OBJC_LITERAL_CONVERSION = YES;
				CLANG_WARN_OBJC_ROOT_CLASS = YES_ERROR;
				CLANG_WARN_QUOTED_INCLUDE_IN_FRAMEWORK_HEADER = YES;
				CLANG_WARN_RANGE_LOOP_ANALYSIS = YES;
				CLANG_WARN_STRICT_PROTOTYPES = YES;
				CLANG_WARN_SUSPICIOUS_MOVE = YES;
				CLANG_WARN_UNGUARDED_AVAILABILITY = YES_AGGRESSIVE;
				CLANG_WARN_UNREACHABLE_CODE = YES;
				CLANG_WARN__DUPLICATE_METHOD_MATCH = YES;
				COPY_PHASE_STRIP = NO;
				DEBUG_INFORMATION_FORMAT = "dwarf-with-dsym";
				ENABLE_NS_ASSERTIONS = NO;
				ENABLE_STRICT_OBJC_MSGSEND = YES;
				ENABLE_USER_SCRIPT_SANDBOXING = YES;
				GCC_C_LANGUAGE_STANDARD = gnu17;
				GCC_NO_COMMON_BLOCKS = YES;
				GCC_WARN_64_TO_32_BIT_CONVERSION = YES;
				GCC_WARN_ABOUT_RETURN_TYPE = YES_ERROR;
				GCC_WARN_UNDECLARED_SELECTOR = YES;
				GCC_WARN_UNINITIALIZED_AUTOS = YES_AGGRESSIVE;
				GCC_WARN_UNUSED_FUNCTION = YES;
				GCC_WARN_UNUSED_VARIABLE = YES;
				IPHONEOS_DEPLOYMENT_TARGET = 18.2;
				LOCALIZATION_PREFERS_STRING_CATALOGS = YES;
				MTL_ENABLE_DEBUG_INFO = NO;
				MTL_FAST_MATH = YES;
				SDKROOT = iphoneos;
				SWIFT_COMPILATION_MODE = wholemodule;
				VALIDATE_PRODUCT = YES;
			};
			name = Release;
		};
		635FEF642D24B717007FFBBA /* Debug */ = {
			isa = XCBuildConfiguration;
			buildSettings = {
				ASSETCATALOG_COMPILER_APPICON_NAME = AppIcon;
				ASSETCATALOG_COMPILER_GLOBAL_ACCENT_COLOR_NAME = AccentColor;
				CODE_SIGN_STYLE = Automatic;
				CURRENT_PROJECT_VERSION = 1;
				DEVELOPMENT_ASSET_PATHS = "\"ToDoNotes/Preview Content\"";
				DEVELOPMENT_TEAM = NAJAJ652LV;
				ENABLE_PREVIEWS = YES;
				GENERATE_INFOPLIST_FILE = YES;
				INFOPLIST_KEY_CFBundleDisplayName = ToDoNotes;
				INFOPLIST_KEY_LSApplicationCategoryType = "public.app-category.productivity";
				INFOPLIST_KEY_UIApplicationSceneManifest_Generation = YES;
				INFOPLIST_KEY_UIApplicationSupportsIndirectInputEvents = YES;
				INFOPLIST_KEY_UILaunchScreen_Generation = YES;
				INFOPLIST_KEY_UISupportedInterfaceOrientations = UIInterfaceOrientationPortrait;
				IPHONEOS_DEPLOYMENT_TARGET = 16.0;
				LD_RUNPATH_SEARCH_PATHS = (
					"$(inherited)",
					"@executable_path/Frameworks",
				);
				MARKETING_VERSION = 0.0.1;
				PRODUCT_BUNDLE_IDENTIFIER = com.avoqode.ToDoNotes;
				PRODUCT_NAME = "$(TARGET_NAME)";
				SUPPORTED_PLATFORMS = "iphoneos iphonesimulator";
				SUPPORTS_MACCATALYST = NO;
				SUPPORTS_MAC_DESIGNED_FOR_IPHONE_IPAD = NO;
				SUPPORTS_XR_DESIGNED_FOR_IPHONE_IPAD = NO;
				SWIFT_EMIT_LOC_STRINGS = YES;
				SWIFT_VERSION = 5.0;
				TARGETED_DEVICE_FAMILY = 1;
			};
			name = Debug;
		};
		635FEF652D24B717007FFBBA /* Release */ = {
			isa = XCBuildConfiguration;
			buildSettings = {
				ASSETCATALOG_COMPILER_APPICON_NAME = AppIcon;
				ASSETCATALOG_COMPILER_GLOBAL_ACCENT_COLOR_NAME = AccentColor;
				CODE_SIGN_STYLE = Automatic;
				CURRENT_PROJECT_VERSION = 1;
				DEVELOPMENT_ASSET_PATHS = "\"ToDoNotes/Preview Content\"";
				DEVELOPMENT_TEAM = NAJAJ652LV;
				ENABLE_PREVIEWS = YES;
				GENERATE_INFOPLIST_FILE = YES;
				INFOPLIST_KEY_CFBundleDisplayName = ToDoNotes;
				INFOPLIST_KEY_LSApplicationCategoryType = "public.app-category.productivity";
				INFOPLIST_KEY_UIApplicationSceneManifest_Generation = YES;
				INFOPLIST_KEY_UIApplicationSupportsIndirectInputEvents = YES;
				INFOPLIST_KEY_UILaunchScreen_Generation = YES;
				INFOPLIST_KEY_UISupportedInterfaceOrientations = UIInterfaceOrientationPortrait;
				IPHONEOS_DEPLOYMENT_TARGET = 16.0;
				LD_RUNPATH_SEARCH_PATHS = (
					"$(inherited)",
					"@executable_path/Frameworks",
				);
				MARKETING_VERSION = 0.0.1;
				PRODUCT_BUNDLE_IDENTIFIER = com.avoqode.ToDoNotes;
				PRODUCT_NAME = "$(TARGET_NAME)";
				SUPPORTED_PLATFORMS = "iphoneos iphonesimulator";
				SUPPORTS_MACCATALYST = NO;
				SUPPORTS_MAC_DESIGNED_FOR_IPHONE_IPAD = NO;
				SUPPORTS_XR_DESIGNED_FOR_IPHONE_IPAD = NO;
				SWIFT_EMIT_LOC_STRINGS = YES;
				SWIFT_VERSION = 5.0;
				TARGETED_DEVICE_FAMILY = 1;
			};
			name = Release;
		};
/* End XCBuildConfiguration section */

/* Begin XCConfigurationList section */
		635FEF502D24B715007FFBBA /* Build configuration list for PBXProject "ToDoNotes" */ = {
			isa = XCConfigurationList;
			buildConfigurations = (
				635FEF612D24B717007FFBBA /* Debug */,
				635FEF622D24B717007FFBBA /* Release */,
			);
			defaultConfigurationIsVisible = 0;
			defaultConfigurationName = Release;
		};
		635FEF632D24B717007FFBBA /* Build configuration list for PBXNativeTarget "ToDoNotes" */ = {
			isa = XCConfigurationList;
			buildConfigurations = (
				635FEF642D24B717007FFBBA /* Debug */,
				635FEF652D24B717007FFBBA /* Release */,
			);
			defaultConfigurationIsVisible = 0;
			defaultConfigurationName = Release;
		};
/* End XCConfigurationList section */
	};
	rootObject = 635FEF4D2D24B715007FFBBA /* Project object */;
}
