<?xml version="1.0" encoding="UTF-8"?>
<Scheme
   LastUpgradeVersion = "2600"
   version = "1.7">
   <BuildAction
      parallelizeBuildables = "YES"
      buildImplicitDependencies = "YES"
      buildArchitectures = "Automatic">
      <BuildActionEntries>
         <BuildActionEntry
            buildForTesting = "YES"
            buildForRunning = "YES"
            buildForProfiling = "YES"
            buildForArchiving = "YES"
            buildForAnalyzing = "YES">
            <BuildableReference
               BuildableIdentifier = "primary"
               BlueprintIdentifier = "635FEF542D24B715007FFBBA"
               BuildableName = "ToDoNotes.app"
               BlueprintName = "ToDoNotes"
               ReferencedContainer = "container:ToDoNotes.xcodeproj">
            </BuildableReference>
         </BuildActionEntry>
      </BuildActionEntries>
   </BuildAction>
   <TestAction
      buildConfiguration = "Debug"
      selectedDebuggerIdentifier = "Xcode.DebuggerFoundation.Debugger.LLDB"
      selectedLauncherIdentifier = "Xcode.DebuggerFoundation.Launcher.LLDB"
      shouldUseLaunchSchemeArgsEnv = "YES"
      shouldAutocreateTestPlan = "YES">
      <Testables>
         <TestableReference
            skipped = "NO"
            parallelizable = "YES">
            <BuildableReference
               BuildableIdentifier = "primary"
               BlueprintIdentifier = "63B88F482DBE532300C9EA8A"
               BuildableName = "ToDoNotesTests.xctest"
               BlueprintName = "ToDoNotesTests"
               ReferencedContainer = "container:ToDoNotes.xcodeproj">
            </BuildableReference>
         </TestableReference>
      </Testables>
   </TestAction>
   <LaunchAction
      buildConfiguration = "Debug"
      selectedDebuggerIdentifier = "Xcode.DebuggerFoundation.Debugger.LLDB"
      selectedLauncherIdentifier = "Xcode.DebuggerFoundation.Launcher.LLDB"
      language = "en"
      launchStyle = "0"
      useCustomWorkingDirectory = "NO"
      ignoresPersistentStateOnLaunch = "NO"
      debugDocumentVersioning = "YES"
      debugServiceExtension = "internal"
      allowLocationSimulation = "YES">
      <BuildableProductRunnable
         runnableDebuggingMode = "0">
         <BuildableReference
            BuildableIdentifier = "primary"
            BlueprintIdentifier = "635FEF542D24B715007FFBBA"
            BuildableName = "ToDoNotes.app"
            BlueprintName = "ToDoNotes"
            ReferencedContainer = "container:ToDoNotes.xcodeproj">
         </BuildableReference>
      </BuildableProductRunnable>
      <CommandLineArguments>
         <CommandLineArgument
            argument = ""
            isEnabled = "NO">
         </CommandLineArgument>
      </CommandLineArguments>
      <EnvironmentVariables>
         <EnvironmentVariable
            key = "GOOGLE_CLIENT_ID"
            value = "1024130776338-16an5gj724mcvre2llpmf48g7s7uig1s.apps.googleusercontent.com"
            isEnabled = "YES">
         </EnvironmentVariable>
         <EnvironmentVariable
            key = "GOOGLE_URL_SCHEME"
            value = "com.googleusercontent.apps.1024130776338-16an5gj724mcvre2llpmf48g7s7uig1s"
            isEnabled = "YES">
         </EnvironmentVariable>
      </EnvironmentVariables>
      <AdditionalOptions>
         <AdditionalOption
            key = "APP_DISTRIBUTOR_ID_OVERRIDE"
            value = "com.apple.AppStore"
            isEnabled = "YES">
         </AdditionalOption>
      </AdditionalOptions>
      <StoreKitConfigurationFileReference
         identifier = "../../ToDoNotes/SupportingFiles/SubscriptionsConfiguration.storekit">
      </StoreKitConfigurationFileReference>
   </LaunchAction>
   <ProfileAction
      buildConfiguration = "Release"
      shouldUseLaunchSchemeArgsEnv = "YES"
      savedToolIdentifier = ""
      useCustomWorkingDirectory = "NO"
      debugDocumentVersioning = "YES">
      <BuildableProductRunnable
         runnableDebuggingMode = "0">
         <BuildableReference
            BuildableIdentifier = "primary"
            BlueprintIdentifier = "635FEF542D24B715007FFBBA"
            BuildableName = "ToDoNotes.app"
            BlueprintName = "ToDoNotes"
            ReferencedContainer = "container:ToDoNotes.xcodeproj">
         </BuildableReference>
      </BuildableProductRunnable>
   </ProfileAction>
   <AnalyzeAction
      buildConfiguration = "Debug">
   </AnalyzeAction>
   <ArchiveAction
      buildConfiguration = "Release"
      revealArchiveInOrganizer = "YES">
   </ArchiveAction>
</Scheme>
